{
  "name": "api-lambda-stripe-charge",
  "version": "2.0.0",
  "lockfileVersion": 1,
  "requires": true,
  "dependencies": {
    "lodash.isplainobject": {
      "version": "4.0.6",
      "resolved": "https://registry.npmjs.org/lodash.isplainobject/-/lodash.isplainobject-4.0.6.tgz",
      "integrity": "sha1-fFJqUtibRcRcxpC4gWO+BJf1UMs="
    },
    "qs": {
      "version": "6.5.2",
      "resolved": "https://registry.npmjs.org/qs/-/qs-6.5.2.tgz",
      "integrity": "sha512-N5ZAX4/LxJmF+7wN74pUD6qAh9/wnvdQcjq9TZjevvXzSUo7bfmw91saqMjzGS2xq91/odN2dW/WOl7qQHNDGA=="
    },
    "safe-buffer": {
      "version": "5.1.2",
      "resolved": "https://registry.npmjs.org/safe-buffer/-/safe-buffer-5.1.2.tgz",
      "integrity": "sha512-Gd2UZBJDkXlY7GbJxfsE8/nvKkUEU1G38c1siN6QP6a9PT9MmHB8GnpscSmMJSoF8LOIrt8ud/wPtojys4G6+g=="
    },
    "stripe": {
      "version": "6.23.1",
      "resolved": "https://registry.npmjs.org/stripe/-/stripe-6.23.1.tgz",
      "integrity": "sha512-qIpDhTZXnfHP1TaRuyHXdQczvG1wTOgzqJPsTRb0GIrCL/NZQAgnf+ZDOuvq3fhRJW8VAluzlj4Dy1Nn3k7eNg==",
      "requires": {
        "lodash.isplainobject": "^4.0.6",
        "qs": "~6.5.1",
        "safe-buffer": "^5.1.1"
      }
    }
  }
}
